
Microsoft Visual Studio Solution File, Format Version 12.00
# Visual Studio 15
VisualStudioVersion = 15.0.27130.2020
MinimumVisualStudioVersion = 10.0.40219.1
Project("{FAE04EC0-301F-11D3-BF4B-00C04F79EFBC}") = "ccMonitoringApp", "ccMonitoringApp\ccMonitoringApp.csproj", "{2EF25043-85C5-4C40-AF2B-AFBB92FBD681}"
EndProject
Global
	GlobalSection(SolutionConfigurationPlatforms) = preSolution
		Debug|Any CPU = Debug|Any CPU
		Release|Any CPU = Release|Any CPU
	EndGlobalSection
	GlobalSection(ProjectConfigurationPlatforms) = postSolution
		{2EF25043-85C5-4C40-AF2B-AFBB92FBD681}.Debug|Any CPU.ActiveCfg = Debug|Any CPU
		{2EF25043-85C5-4C40-AF2B-AFBB92FBD681}.Debug|Any CPU.Build.0 = Debug|Any CPU
		{2EF25043-85C5-4C40-AF2B-AFBB92FBD681}.Release|Any CPU.ActiveCfg = Release|Any CPU
		{2EF25043-85C5-4C40-AF2B-AFBB92FBD681}.Release|Any CPU.Build.0 = Release|Any CPU
	EndGlobalSection
	GlobalSection(SolutionProperties) = preSolution
		HideSolutionNode = FALSE
	EndGlobalSection
	GlobalSection(ExtensibilityGlobals) = postSolution
		SolutionGuid = {B306B437-7DAF-44E8-A274-5775E72FB346}
	EndGlobalSection
EndGlobal
